
Microsoft Visual Studio Solution File, Format Version 12.00
# Visual Studio Version 17
VisualStudioVersion = 17.1.32228.430
MinimumVisualStudioVersion = 10.0.40219.1
Project("{8BC9CEB8-8B4A-11D0-8D11-00A0C91BC942}") = "BOJ_3507", "BOJ_3507.vcxproj", "{06E1F0C4-B19B-49EA-B736-8D59FF6A9252}"
EndProject
Global
	GlobalSection(SolutionConfigurationPlatforms) = preSolution
		Debug|x64 = Debug|x64
		Release|x64 = Release|x64
	EndGlobalSection
	GlobalSection(ProjectConfigurationPlatforms) = postSolution
		{06E1F0C4-B19B-49EA-B736-8D59FF6A9252}.Debug|x64.ActiveCfg = Debug|x64
		{06E1F0C4-B19B-49EA-B736-8D59FF6A9252}.Debug|x64.Build.0 = Debug|x64
		{06E1F0C4-B19B-49EA-B736-8D59FF6A9252}.Release|x64.ActiveCfg = Release|x64
		{06E1F0C4-B19B-49EA-B736-8D59FF6A9252}.Release|x64.Build.0 = Release|x64
	EndGlobalSection
	GlobalSection(SolutionProperties) = preSolution
		HideSolutionNode = FALSE
	EndGlobalSection
	GlobalSection(ExtensibilityGlobals) = postSolution
		SolutionGuid = {CA323492-E4C4-4C1C-8667-0080973282D0}
	EndGlobalSection
EndGlobal
